
Microsoft Visual Studio Solution File, Format Version 12.00
# Visual Studio Version 16
VisualStudioVersion = 16.0.31409.214
MinimumVisualStudioVersion = 10.0.40219.1
Project("{9A19103F-16F7-4668-BE54-9A1E7A4F7556}") = "AstarAlgo", "AstarAlgo\AstarAlgo.csproj", "{EBC1774A-CFB6-410C-B2FA-9E3B6F7FE068}"
EndProject
Project("{9A19103F-16F7-4668-BE54-9A1E7A4F7556}") = "AstarUnitTest", "AstarUnitTest\AstarUnitTest.csproj", "{AE550392-CD2D-441C-A6C9-F301299C2846}"
EndProject
Project("{FAE04EC0-301F-11D3-BF4B-00C04F79EFBC}") = "PriorityQueue", "PriorityQueue\PriorityQueue.csproj", "{A2FA6171-9F62-4E23-B63E-B14374F6B597}"
EndProject
Global
	GlobalSection(SolutionConfigurationPlatforms) = preSolution
		Debug|Any CPU = Debug|Any CPU
		Release|Any CPU = Release|Any CPU
	EndGlobalSection
	GlobalSection(ProjectConfigurationPlatforms) = postSolution
		{EBC1774A-CFB6-410C-B2FA-9E3B6F7FE068}.Debug|Any CPU.ActiveCfg = Debug|Any CPU
		{EBC1774A-CFB6-410C-B2FA-9E3B6F7FE068}.Debug|Any CPU.Build.0 = Debug|Any CPU
		{EBC1774A-CFB6-410C-B2FA-9E3B6F7FE068}.Release|Any CPU.ActiveCfg = Release|Any CPU
		{EBC1774A-CFB6-410C-B2FA-9E3B6F7FE068}.Release|Any CPU.Build.0 = Release|Any CPU
		{AE550392-CD2D-441C-A6C9-F301299C2846}.Debug|Any CPU.ActiveCfg = Debug|Any CPU
		{AE550392-CD2D-441C-A6C9-F301299C2846}.Debug|Any CPU.Build.0 = Debug|Any CPU
		{AE550392-CD2D-441C-A6C9-F301299C2846}.Release|Any CPU.ActiveCfg = Release|Any CPU
		{AE550392-CD2D-441C-A6C9-F301299C2846}.Release|Any CPU.Build.0 = Release|Any CPU
		{A2FA6171-9F62-4E23-B63E-B14374F6B597}.Debug|Any CPU.ActiveCfg = Debug|Any CPU
		{A2FA6171-9F62-4E23-B63E-B14374F6B597}.Debug|Any CPU.Build.0 = Debug|Any CPU
		{A2FA6171-9F62-4E23-B63E-B14374F6B597}.Release|Any CPU.ActiveCfg = Release|Any CPU
		{A2FA6171-9F62-4E23-B63E-B14374F6B597}.Release|Any CPU.Build.0 = Release|Any CPU
	EndGlobalSection
	GlobalSection(SolutionProperties) = preSolution
		HideSolutionNode = FALSE
	EndGlobalSection
	GlobalSection(ExtensibilityGlobals) = postSolution
		SolutionGuid = {0229B319-ED46-4124-B674-50A4D0FA7CB9}
	EndGlobalSection
EndGlobal
